// !$*UTF8*$!
{
	archiveVersion = 1;
	classes = {
	};
	objectVersion = 55;
	objects = {

/* Begin PBXBuildFile section */
		9B69B9AC27C3F1C50011AD14 /* AppDelegate.swift in Sources */ = {isa = PBXBuildFile; fileRef = 9B69B9AB27C3F1C50011AD14 /* AppDelegate.swift */; };
		9B69B9AE27C3F1C50011AD14 /* SceneDelegate.swift in Sources */ = {isa = PBXBuildFile; fileRef = 9B69B9AD27C3F1C50011AD14 /* SceneDelegate.swift */; };
		9B69B9B027C3F1C50011AD14 /* ViewController.swift in Sources */ = {isa = PBXBuildFile; fileRef = 9B69B9AF27C3F1C50011AD14 /* ViewController.swift */; };
		9B69B9B327C3F1C50011AD14 /* Main.storyboard in Resources */ = {isa = PBXBuildFile; fileRef = 9B69B9B127C3F1C50011AD14 /* Main.storyboard */; };
		9B69B9B527C3F1C70011AD14 /* Assets.xcassets in Resources */ = {isa = PBXBuildFile; fileRef = 9B69B9B427C3F1C70011AD14 /* Assets.xcassets */; };
		9B69B9B827C3F1C70011AD14 /* LaunchScreen.storyboard in Resources */ = {isa = PBXBuildFile; fileRef = 9B69B9B627C3F1C70011AD14 /* LaunchScreen.storyboard */; };
		9B69B9C327C3F1C70011AD14 /* TasarimCalismasiTests.swift in Sources */ = {isa = PBXBuildFile; fileRef = 9B69B9C227C3F1C70011AD14 /* TasarimCalismasiTests.swift */; };
		9B69B9CD27C3F1C70011AD14 /* TasarimCalismasiUITests.swift in Sources */ = {isa = PBXBuildFile; fileRef = 9B69B9CC27C3F1C70011AD14 /* TasarimCalismasiUITests.swift */; };
		9B69B9CF27C3F1C70011AD14 /* TasarimCalismasiUITestsLaunchTests.swift in Sources */ = {isa = PBXBuildFile; fileRef = 9B69B9CE27C3F1C70011AD14 /* TasarimCalismasiUITestsLaunchTests.swift */; };
		9B69B9DD27C408560011AD14 /* Pacifico-Regular.ttf in Resources */ = {isa = PBXBuildFile; fileRef = 9B69B9DC27C408560011AD14 /* Pacifico-Regular.ttf */; };
/* End PBXBuildFile section */

/* Begin PBXContainerItemProxy section */
		9B69B9BF27C3F1C70011AD14 /* PBXContainerItemProxy */ = {
			isa = PBXContainerItemProxy;
			containerPortal = 9B69B9A027C3F1C50011AD14 /* Project object */;
			proxyType = 1;
			remoteGlobalIDString = 9B69B9A727C3F1C50011AD14;
			remoteInfo = TasarimCalismasi;
		};
		9B69B9C927C3F1C70011AD14 /* PBXContainerItemProxy */ = {
			isa = PBXContainerItemProxy;
			containerPortal = 9B69B9A027C3F1C50011AD14 /* Project object */;
			proxyType = 1;
			remoteGlobalIDString = 9B69B9A727C3F1C50011AD14;
			remoteInfo = TasarimCalismasi;
		};
/* End PBXContainerItemProxy section */

/* Begin PBXFileReference section */
		9B69B9A827C3F1C50011AD14 /* TasarimCalismasi.app */ = {isa = PBXFileReference; explicitFileType = wrapper.application; includeInIndex = 0; path = TasarimCalismasi.app; sourceTree = BUILT_PRODUCTS_DIR; };
		9B69B9AB27C3F1C50011AD14 /* AppDelegate.swift */ = {isa = PBXFileReference; lastKnownFileType = sourcecode.swift; path = AppDelegate.swift; sourceTree = "<group>"; };
		9B69B9AD27C3F1C50011AD14 /* SceneDelegate.swift */ = {isa = PBXFileReference; lastKnownFileType = sourcecode.swift; path = SceneDelegate.swift; sourceTree = "<group>"; };
		9B69B9AF27C3F1C50011AD14 /* ViewController.swift */ = {isa = PBXFileReference; lastKnownFileType = sourcecode.swift; path = ViewController.swift; sourceTree = "<group>"; };
		9B69B9B227C3F1C50011AD14 /* Base */ = {isa = PBXFileReference; lastKnownFileType = file.storyboard; name = Base; path = Base.lproj/Main.storyboard; sourceTree = "<group>"; };
		9B69B9B427C3F1C70011AD14 /* Assets.xcassets */ = {isa = PBXFileReference; lastKnownFileType = folder.assetcatalog; path = Assets.xcassets; sourceTree = "<group>"; };
		9B69B9B727C3F1C70011AD14 /* Base */ = {isa = PBXFileReference; lastKnownFileType = file.storyboard; name = Base; path = Base.lproj/LaunchScreen.storyboard; sourceTree = "<group>"; };
		9B69B9B927C3F1C70011AD14 /* Info.plist */ = {isa = PBXFileReference; lastKnownFileType = text.plist.xml; path = Info.plist; sourceTree = "<group>"; };
		9B69B9BE27C3F1C70011AD14 /* TasarimCalismasiTests.xctest */ = {isa = PBXFileReference; explicitFileType = wrapper.cfbundle; includeInIndex = 0; path = TasarimCalismasiTests.xctest; sourceTree = BUILT_PRODUCTS_DIR; };
		9B69B9C227C3F1C70011AD14 /* TasarimCalismasiTests.swift */ = {isa = PBXFileReference; lastKnownFileType = sourcecode.swift; path = TasarimCalismasiTests.swift; sourceTree = "<group>"; };
		9B69B9C827C3F1C70011AD14 /* TasarimCalismasiUITests.xctest */ = {isa = PBXFileReference; explicitFileType = wrapper.cfbundle; includeInIndex = 0; path = TasarimCalismasiUITests.xctest; sourceTree = BUILT_PRODUCTS_DIR; };
		9B69B9CC27C3F1C70011AD14 /* TasarimCalismasiUITests.swift */ = {isa = PBXFileReference; lastKnownFileType = sourcecode.swift; path = TasarimCalismasiUITests.swift; sourceTree = "<group>"; };
		9B69B9CE27C3F1C70011AD14 /* TasarimCalismasiUITestsLaunchTests.swift */ = {isa = PBXFileReference; lastKnownFileType = sourcecode.swift; path = TasarimCalismasiUITestsLaunchTests.swift; sourceTree = "<group>"; };
		9B69B9DC27C408560011AD14 /* Pacifico-Regular.ttf */ = {isa = PBXFileReference; lastKnownFileType = file; path = "Pacifico-Regular.ttf"; sourceTree = "<group>"; };
		9BF3559C27C6A4D500B45376 /* tr */ = {isa = PBXFileReference; lastKnownFileType = text.plist.strings; name = tr; path = tr.lproj/Main.strings; sourceTree = "<group>"; };
		9BF3559D27C6A4D500B45376 /* tr */ = {isa = PBXFileReference; lastKnownFileType = text.plist.strings; name = tr; path = tr.lproj/LaunchScreen.strings; sourceTree = "<group>"; };
/* End PBXFileReference section */

/* Begin PBXFrameworksBuildPhase section */
		9B69B9A527C3F1C50011AD14 /* Frameworks */ = {
			isa = PBXFrameworksBuildPhase;
			buildActionMask = 2147483647;
			files = (
			);
			runOnlyForDeploymentPostprocessing = 0;
		};
		9B69B9BB27C3F1C70011AD14 /* Frameworks */ = {
			isa = PBXFrameworksBuildPhase;
			buildActionMask = 2147483647;
			files = (
			);
			runOnlyForDeploymentPostprocessing = 0;
		};
		9B69B9C527C3F1C70011AD14 /* Frameworks */ = {
			isa = PBXFrameworksBuildPhase;
			buildActionMask = 2147483647;
			files = (
			);
			runOnlyForDeploymentPostprocessing = 0;
		};
/* End PBXFrameworksBuildPhase section */

/* Begin PBXGroup section */
		9B69B99F27C3F1C50011AD14 = {
			isa = PBXGroup;
			children = (
				9B69B9AA27C3F1C50011AD14 /* TasarimCalismasi */,
				9B69B9C127C3F1C70011AD14 /* TasarimCalismasiTests */,
				9B69B9CB27C3F1C70011AD14 /* TasarimCalismasiUITests */,
				9B69B9A927C3F1C50011AD14 /* Products */,
			);
			sourceTree = "<group>";
		};
		9B69B9A927C3F1C50011AD14 /* Products */ = {
			isa = PBXGroup;
			children = (
				9B69B9A827C3F1C50011AD14 /* TasarimCalismasi.app */,
				9B69B9BE27C3F1C70011AD14 /* TasarimCalismasiTests.xctest */,
				9B69B9C827C3F1C70011AD14 /* TasarimCalismasiUITests.xctest */,
			);
			name = Products;
			sourceTree = "<group>";
		};
		9B69B9AA27C3F1C50011AD14 /* TasarimCalismasi */ = {
			isa = PBXGroup;
			children = (
				9B69B9AB27C3F1C50011AD14 /* AppDelegate.swift */,
				9B69B9AD27C3F1C50011AD14 /* SceneDelegate.swift */,
				9B69B9AF27C3F1C50011AD14 /* ViewController.swift */,
				9B69B9DB27C408220011AD14 /* Fonts */,
				9B69B9B127C3F1C50011AD14 /* Main.storyboard */,
				9B69B9B427C3F1C70011AD14 /* Assets.xcassets */,
				9B69B9B627C3F1C70011AD14 /* LaunchScreen.storyboard */,
				9B69B9B927C3F1C70011AD14 /* Info.plist */,
			);
			path = TasarimCalismasi;
			sourceTree = "<group>";
		};
		9B69B9C127C3F1C70011AD14 /* TasarimCalismasiTests */ = {
			isa = PBXGroup;
			children = (
				9B69B9C227C3F1C70011AD14 /* TasarimCalismasiTests.swift */,
			);
			path = TasarimCalismasiTests;
			sourceTree = "<group>";
		};
		9B69B9CB27C3F1C70011AD14 /* TasarimCalismasiUITests */ = {
			isa = PBXGroup;
			children = (
				9B69B9CC27C3F1C70011AD14 /* TasarimCalismasiUITests.swift */,
				9B69B9CE27C3F1C70011AD14 /* TasarimCalismasiUITestsLaunchTests.swift */,
			);
			path = TasarimCalismasiUITests;
			sourceTree = "<group>";
		};
		9B69B9DB27C408220011AD14 /* Fonts */ = {
			isa = PBXGroup;
			children = (
				9B69B9DC27C408560011AD14 /* Pacifico-Regular.ttf */,
			);
			path = Fonts;
			sourceTree = "<group>";
		};
/* End PBXGroup section */

/* Begin PBXNativeTarget section */
		9B69B9A727C3F1C50011AD14 /* TasarimCalismasi */ = {
			isa = PBXNativeTarget;
			buildConfigurationList = 9B69B9D227C3F1C70011AD14 /* Build configuration list for PBXNativeTarget "TasarimCalismasi" */;
			buildPhases = (
				9B69B9A427C3F1C50011AD14 /* Sources */,
				9B69B9A527C3F1C50011AD14 /* Frameworks */,
				9B69B9A627C3F1C50011AD14 /* Resources */,
			);
			buildRules = (
			);
			dependencies = (
			);
			name = TasarimCalismasi;
			productName = TasarimCalismasi;
			productReference = 9B69B9A827C3F1C50011AD14 /* TasarimCalismasi.app */;
			productType = "com.apple.product-type.application";
		};
		9B69B9BD27C3F1C70011AD14 /* TasarimCalismasiTests */ = {
			isa = PBXNativeTarget;
			buildConfigurationList = 9B69B9D527C3F1C70011AD14 /* Build configuration list for PBXNativeTarget "TasarimCalismasiTests" */;
			buildPhases = (
				9B69B9BA27C3F1C70011AD14 /* Sources */,
				9B69B9BB27C3F1C70011AD14 /* Frameworks */,
				9B69B9BC27C3F1C70011AD14 /* Resources */,
			);
			buildRules = (
			);
			dependencies = (
				9B69B9C027C3F1C70011AD14 /* PBXTargetDependency */,
			);
			name = TasarimCalismasiTests;
			productName = TasarimCalismasiTests;
			productReference = 9B69B9BE27C3F1C70011AD14 /* TasarimCalismasiTests.xctest */;
			productType = "com.apple.product-type.bundle.unit-test";
		};
		9B69B9C727C3F1C70011AD14 /* TasarimCalismasiUITests */ = {
			isa = PBXNativeTarget;
			buildConfigurationList = 9B69B9D827C3F1C70011AD14 /* Build configuration list for PBXNativeTarget "TasarimCalismasiUITests" */;
			buildPhases = (
				9B69B9C427C3F1C70011AD14 /* Sources */,
				9B69B9C527C3F1C70011AD14 /* Frameworks */,
				9B69B9C627C3F1C70011AD14 /* Resources */,
			);
			buildRules = (
			);
			dependencies = (
				9B69B9CA27C3F1C70011AD14 /* PBXTargetDependency */,
			);
			name = TasarimCalismasiUITests;
			productName = TasarimCalismasiUITests;
			productReference = 9B69B9C827C3F1C70011AD14 /* TasarimCalismasiUITests.xctest */;
			productType = "com.apple.product-type.bundle.ui-testing";
		};
/* End PBXNativeTarget section */

/* Begin PBXProject section */
		9B69B9A027C3F1C50011AD14 /* Project object */ = {
			isa = PBXProject;
			attributes = {
				BuildIndependentTargetsInParallel = 1;
				LastSwiftUpdateCheck = 1310;
				LastUpgradeCheck = 1310;
				TargetAttributes = {
					9B69B9A727C3F1C50011AD14 = {
						CreatedOnToolsVersion = 13.1;
					};
					9B69B9BD27C3F1C70011AD14 = {
						CreatedOnToolsVersion = 13.1;
						TestTargetID = 9B69B9A727C3F1C50011AD14;
					};
					9B69B9C727C3F1C70011AD14 = {
						CreatedOnToolsVersion = 13.1;
						TestTargetID = 9B69B9A727C3F1C50011AD14;
					};
				};
			};
			buildConfigurationList = 9B69B9A327C3F1C50011AD14 /* Build configuration list for PBXProject "TasarimCalismasi" */;
			compatibilityVersion = "Xcode 13.0";
			developmentRegion = en;
			hasScannedForEncodings = 0;
			knownRegions = (
				en,
				Base,
				tr,
			);
			mainGroup = 9B69B99F27C3F1C50011AD14;
			productRefGroup = 9B69B9A927C3F1C50011AD14 /* Products */;
			projectDirPath = "";
			projectRoot = "";
			targets = (
				9B69B9A727C3F1C50011AD14 /* TasarimCalismasi */,
				9B69B9BD27C3F1C70011AD14 /* TasarimCalismasiTests */,
				9B69B9C727C3F1C70011AD14 /* TasarimCalismasiUITests */,
			);
		};
/* End PBXProject section */

/* Begin PBXResourcesBuildPhase section */
		9B69B9A627C3F1C50011AD14 /* Resources */ = {
			isa = PBXResourcesBuildPhase;
			buildActionMask = 2147483647;
			files = (
				9B69B9B827C3F1C70011AD14 /* LaunchScreen.storyboard in Resources */,
				9B69B9DD27C408560011AD14 /* Pacifico-Regular.ttf in Resources */,
				9B69B9B527C3F1C70011AD14 /* Assets.xcassets in Resources */,
				9B69B9B327C3F1C50011AD14 /* Main.storyboard in Resources */,
			);
			runOnlyForDeploymentPostprocessing = 0;
		};
		9B69B9BC27C3F1C70011AD14 /* Resources */ = {
			isa = PBXResourcesBuildPhase;
			buildActionMask = 2147483647;
			files = (
			);
			runOnlyForDeploymentPostprocessing = 0;
		};
		9B69B9C627C3F1C70011AD14 /* Resources */ = {
			isa = PBXResourcesBuildPhase;
			buildActionMask = 2147483647;
			files = (
			);
			runOnlyForDeploymentPostprocessing = 0;
		};
/* End PBXResourcesBuildPhase section */

/* Begin PBXSourcesBuildPhase section */
		9B69B9A427C3F1C50011AD14 /* Sources */ = {
			isa = PBXSourcesBuildPhase;
			buildActionMask = 2147483647;
			files = (
				9B69B9B027C3F1C50011AD14 /* ViewController.swift in Sources */,
				9B69B9AC27C3F1C50011AD14 /* AppDelegate.swift in Sources */,
				9B69B9AE27C3F1C50011AD14 /* SceneDelegate.swift in Sources */,
			);
			runOnlyForDeploymentPostprocessing = 0;
		};
		9B69B9BA27C3F1C70011AD14 /* Sources */ = {
			isa = PBXSourcesBuildPhase;
			buildActionMask = 2147483647;
			files = (
				9B69B9C327C3F1C70011AD14 /* TasarimCalismasiTests.swift in Sources */,
			);
			runOnlyForDeploymentPostprocessing = 0;
		};
		9B69B9C427C3F1C70011AD14 /* Sources */ = {
			isa = PBXSourcesBuildPhase;
			buildActionMask = 2147483647;
			files = (
				9B69B9CD27C3F1C70011AD14 /* TasarimCalismasiUITests.swift in Sources */,
				9B69B9CF27C3F1C70011AD14 /* TasarimCalismasiUITestsLaunchTests.swift in Sources */,
			);
			runOnlyForDeploymentPostprocessing = 0;
		};
/* End PBXSourcesBuildPhase section */

/* Begin PBXTargetDependency section */
		9B69B9C027C3F1C70011AD14 /* PBXTargetDependency */ = {
			isa = PBXTargetDependency;
			target = 9B69B9A727C3F1C50011AD14 /* TasarimCalismasi */;
			targetProxy = 9B69B9BF27C3F1C70011AD14 /* PBXContainerItemProxy */;
		};
		9B69B9CA27C3F1C70011AD14 /* PBXTargetDependency */ = {
			isa = PBXTargetDependency;
			target = 9B69B9A727C3F1C50011AD14 /* TasarimCalismasi */;
			targetProxy = 9B69B9C927C3F1C70011AD14 /* PBXContainerItemProxy */;
		};
/* End PBXTargetDependency section */

/* Begin PBXVariantGroup section */
		9B69B9B127C3F1C50011AD14 /* Main.storyboard */ = {
			isa = PBXVariantGroup;
			children = (
				9B69B9B227C3F1C50011AD14 /* Base */,
				9BF3559C27C6A4D500B45376 /* tr */,
			);
			name = Main.storyboard;
			sourceTree = "<group>";
		};
		9B69B9B627C3F1C70011AD14 /* LaunchScreen.storyboard */ = {
			isa = PBXVariantGroup;
			children = (
				9B69B9B727C3F1C70011AD14 /* Base */,
				9BF3559D27C6A4D500B45376 /* tr */,
			);
			name = LaunchScreen.storyboard;
			sourceTree = "<group>";
		};
/* End PBXVariantGroup section */

/* Begin XCBuildConfiguration section */
		9B69B9D027C3F1C70011AD14 /* Debug */ = {
			isa = XCBuildConfiguration;
			buildSettings = {
				ALWAYS_SEARCH_USER_PATHS = NO;
				CLANG_ANALYZER_LOCALIZABILITY_NONLOCALIZED = YES;
				CLANG_ANALYZER_NONNULL = YES;
				CLANG_ANALYZER_NUMBER_OBJECT_CONVERSION = YES_AGGRESSIVE;
				CLANG_CXX_LANGUAGE_STANDARD = "gnu++17";
				CLANG_CXX_LIBRARY = "libc++";
				CLANG_ENABLE_MODULES = YES;
				CLANG_ENABLE_OBJC_ARC = YES;
				CLANG_ENABLE_OBJC_WEAK = YES;
				CLANG_WARN_BLOCK_CAPTURE_AUTORELEASING = YES;
				CLANG_WARN_BOOL_CONVERSION = YES;
				CLANG_WARN_COMMA = YES;
				CLANG_WARN_CONSTANT_CONVERSION = YES;
				CLANG_WARN_DEPRECATED_OBJC_IMPLEMENTATIONS = YES;
				CLANG_WARN_DIRECT_OBJC_ISA_USAGE = YES_ERROR;
				CLANG_WARN_DOCUMENTATION_COMMENTS = YES;
				CLANG_WARN_EMPTY_BODY = YES;
				CLANG_WARN_ENUM_CONVERSION = YES;
				CLANG_WARN_INFINITE_RECURSION = YES;
				CLANG_WARN_INT_CONVERSION = YES;
				CLANG_WARN_NON_LITERAL_NULL_CONVERSION = YES;
				CLANG_WARN_OBJC_IMPLICIT_RETAIN_SELF = YES;
				CLANG_WARN_OBJC_LITERAL_CONVERSION = YES;
				CLANG_WARN_OBJC_ROOT_CLASS = YES_ERROR;
				CLANG_WARN_QUOTED_INCLUDE_IN_FRAMEWORK_HEADER = YES;
				CLANG_WARN_RANGE_LOOP_ANALYSIS = YES;
				CLANG_WARN_STRICT_PROTOTYPES = YES;
				CLANG_WARN_SUSPICIOUS_MOVE = YES;
				CLANG_WARN_UNGUARDED_AVAILABILITY = YES_AGGRESSIVE;
				CLANG_WARN_UNREACHABLE_CODE = YES;
				CLANG_WARN__DUPLICATE_METHOD_MATCH = YES;
				COPY_PHASE_STRIP = NO;
				DEBUG_INFORMATION_FORMAT = dwarf;
				ENABLE_STRICT_OBJC_MSGSEND = YES;
				ENABLE_TESTABILITY = YES;
				GCC_C_LANGUAGE_STANDARD = gnu11;
				GCC_DYNAMIC_NO_PIC = NO;
				GCC_NO_COMMON_BLOCKS = YES;
				GCC_OPTIMIZATION_LEVEL = 0;
				GCC_PREPROCESSOR_DEFINITIONS = (
					"DEBUG=1",
					"$(inherited)",
				);
				GCC_WARN_64_TO_32_BIT_CONVERSION = YES;
				GCC_WARN_ABOUT_RETURN_TYPE = YES_ERROR;
				GCC_WARN_UNDECLARED_SELECTOR = YES;
				GCC_WARN_UNINITIALIZED_AUTOS = YES_AGGRESSIVE;
				GCC_WARN_UNUSED_FUNCTION = YES;
				GCC_WARN_UNUSED_VARIABLE = YES;
				IPHONEOS_DEPLOYMENT_TARGET = 15.0;
				MTL_ENABLE_DEBUG_INFO = INCLUDE_SOURCE;
				MTL_FAST_MATH = YES;
				ONLY_ACTIVE_ARCH = YES;
				SDKROOT = iphoneos;
				SWIFT_ACTIVE_COMPILATION_CONDITIONS = DEBUG;
				SWIFT_OPTIMIZATION_LEVEL = "-Onone";
			};
			name = Debug;
		};
		9B69B9D127C3F1C70011AD14 /* Release */ = {
			isa = XCBuildConfiguration;
			buildSettings = {
				ALWAYS_SEARCH_USER_PATHS = NO;
				CLANG_ANALYZER_LOCALIZABILITY_NONLOCALIZED = YES;
				CLANG_ANALYZER_NONNULL = YES;
				CLANG_ANALYZER_NUMBER_OBJECT_CONVERSION = YES_AGGRESSIVE;
				CLANG_CXX_LANGUAGE_STANDARD = "gnu++17";
				CLANG_CXX_LIBRARY = "libc++";
				CLANG_ENABLE_MODULES = YES;
				CLANG_ENABLE_OBJC_ARC = YES;
				CLANG_ENABLE_OBJC_WEAK = YES;
				CLANG_WARN_BLOCK_CAPTURE_AUTORELEASING = YES;
				CLANG_WARN_BOOL_CONVERSION = YES;
				CLANG_WARN_COMMA = YES;
				CLANG_WARN_CONSTANT_CONVERSION = YES;
				CLANG_WARN_DEPRECATED_OBJC_IMPLEMENTATIONS = YES;
				CLANG_WARN_DIRECT_OBJC_ISA_USAGE = YES_ERROR;
				CLANG_WARN_DOCUMENTATION_COMMENTS = YES;
				CLANG_WARN_EMPTY_BODY = YES;
				CLANG_WARN_ENUM_CONVERSION = YES;
				CLANG_WARN_INFINITE_RECURSION = YES;
				CLANG_WARN_INT_CONVERSION = YES;
				CLANG_WARN_NON_LITERAL_NULL_CONVERSION = YES;
				CLANG_WARN_OBJC_IMPLICIT_RETAIN_SELF = YES;
				CLANG_WARN_OBJC_LITERAL_CONVERSION = YES;
				CLANG_WARN_OBJC_ROOT_CLASS = YES_ERROR;
				CLANG_WARN_QUOTED_INCLUDE_IN_FRAMEWORK_HEADER = YES;
				CLANG_WARN_RANGE_LOOP_ANALYSIS = YES;
				CLANG_WARN_STRICT_PROTOTYPES = YES;
				CLANG_WARN_SUSPICIOUS_MOVE = YES;
				CLANG_WARN_UNGUARDED_AVAILABILITY = YES_AGGRESSIVE;
				CLANG_WARN_UNREACHABLE_CODE = YES;
				CLANG_WARN__DUPLICATE_METHOD_MATCH = YES;
				COPY_PHASE_STRIP = NO;
				DEBUG_INFORMATION_FORMAT = "dwarf-with-dsym";
				ENABLE_NS_ASSERTIONS = NO;
				ENABLE_STRICT_OBJC_MSGSEND = YES;
				GCC_C_LANGUAGE_STANDARD = gnu11;
				GCC_NO_COMMON_BLOCKS = YES;
				GCC_WARN_64_TO_32_BIT_CONVERSION = YES;
				GCC_WARN_ABOUT_RETURN_TYPE = YES_ERROR;
				GCC_WARN_UNDECLARED_SELECTOR = YES;
				GCC_WARN_UNINITIALIZED_AUTOS = YES_AGGRESSIVE;
				GCC_WARN_UNUSED_FUNCTION = YES;
				GCC_WARN_UNUSED_VARIABLE = YES;
				IPHONEOS_DEPLOYMENT_TARGET = 15.0;
				MTL_ENABLE_DEBUG_INFO = NO;
				MTL_FAST_MATH = YES;
				SDKROOT = iphoneos;
				SWIFT_COMPILATION_MODE = wholemodule;
				SWIFT_OPTIMIZATION_LEVEL = "-O";
				VALIDATE_PRODUCT = YES;
			};
			name = Release;
		};
		9B69B9D327C3F1C70011AD14 /* Debug */ = {
			isa = XCBuildConfiguration;
			buildSettings = {
				ASSETCATALOG_COMPILER_APPICON_NAME = AppIcon;
				ASSETCATALOG_COMPILER_GLOBAL_ACCENT_COLOR_NAME = AccentColor;
				CODE_SIGN_STYLE = Automatic;
				CURRENT_PROJECT_VERSION = 1;
				GENERATE_INFOPLIST_FILE = YES;
				INFOPLIST_FILE = TasarimCalismasi/Info.plist;
				INFOPLIST_KEY_UIApplicationSupportsIndirectInputEvents = YES;
				INFOPLIST_KEY_UILaunchStoryboardName = LaunchScreen;
				INFOPLIST_KEY_UIMainStoryboardFile = Main;
				INFOPLIST_KEY_UISupportedInterfaceOrientations_iPad = "UIInterfaceOrientationPortrait UIInterfaceOrientationPortraitUpsideDown UIInterfaceOrientationLandscapeLeft UIInterfaceOrientationLandscapeRight";
				INFOPLIST_KEY_UISupportedInterfaceOrientations_iPhone = "UIInterfaceOrientationPortrait UIInterfaceOrientationLandscapeLeft UIInterfaceOrientationLandscapeRight";
				LD_RUNPATH_SEARCH_PATHS = (
					"$(inherited)",
					"@executable_path/Frameworks",
				);
				MARKETING_VERSION = 1.0;
				PRODUCT_BUNDLE_IDENTIFIER = com.info.TasarimCalismasi;
				PRODUCT_NAME = "$(TARGET_NAME)";
				SWIFT_EMIT_LOC_STRINGS = YES;
				SWIFT_VERSION = 5.0;
				TARGETED_DEVICE_FAMILY = "1,2";
			};
			name = Debug;
		};
		9B69B9D427C3F1C70011AD14 /* Release */ = {
			isa = XCBuildConfiguration;
			buildSettings = {
				ASSETCATALOG_COMPILER_APPICON_NAME = AppIcon;
				ASSETCATALOG_COMPILER_GLOBAL_ACCENT_COLOR_NAME = AccentColor;
				CODE_SIGN_STYLE = Automatic;
				CURRENT_PROJECT_VERSION = 1;
				GENERATE_INFOPLIST_FILE = YES;
				INFOPLIST_FILE = TasarimCalismasi/Info.plist;
				INFOPLIST_KEY_UIApplicationSupportsIndirectInputEvents = YES;
				INFOPLIST_KEY_UILaunchStoryboardName = LaunchScreen;
				INFOPLIST_KEY_UIMainStoryboardFile = Main;
				INFOPLIST_KEY_UISupportedInterfaceOrientations_iPad = "UIInterfaceOrientationPortrait UIInterfaceOrientationPortraitUpsideDown UIInterfaceOrientationLandscapeLeft UIInterfaceOrientationLandscapeRight";
				INFOPLIST_KEY_UISupportedInterfaceOrientations_iPhone = "UIInterfaceOrientationPortrait UIInterfaceOrientationLandscapeLeft UIInterfaceOrientationLandscapeRight";
				LD_RUNPATH_SEARCH_PATHS = (
					"$(inherited)",
					"@executable_path/Frameworks",
				);
				MARKETING_VERSION = 1.0;
				PRODUCT_BUNDLE_IDENTIFIER = com.info.TasarimCalismasi;
				PRODUCT_NAME = "$(TARGET_NAME)";
				SWIFT_EMIT_LOC_STRINGS = YES;
				SWIFT_VERSION = 5.0;
				TARGETED_DEVICE_FAMILY = "1,2";
			};
			name = Release;
		};
		9B69B9D627C3F1C70011AD14 /* Debug */ = {
			isa = XCBuildConfiguration;
			buildSettings = {
				ALWAYS_EMBED_SWIFT_STANDARD_LIBRARIES = YES;
				BUNDLE_LOADER = "$(TEST_HOST)";
				CODE_SIGN_STYLE = Automatic;
				CURRENT_PROJECT_VERSION = 1;
				GENERATE_INFOPLIST_FILE = YES;
				IPHONEOS_DEPLOYMENT_TARGET = 15.0;
				LD_RUNPATH_SEARCH_PATHS = (
					"$(inherited)",
					"@executable_path/Frameworks",
					"@loader_path/Frameworks",
				);
				MARKETING_VERSION = 1.0;
				PRODUCT_BUNDLE_IDENTIFIER = com.info.TasarimCalismasiTests;
				PRODUCT_NAME = "$(TARGET_NAME)";
				SWIFT_EMIT_LOC_STRINGS = NO;
				SWIFT_VERSION = 5.0;
				TARGETED_DEVICE_FAMILY = "1,2";
				TEST_HOST = "$(BUILT_PRODUCTS_DIR)/TasarimCalismasi.app/TasarimCalismasi";
			};
			name = Debug;
		};
		9B69B9D727C3F1C70011AD14 /* Release */ = {
			isa = XCBuildConfiguration;
			buildSettings = {
				ALWAYS_EMBED_SWIFT_STANDARD_LIBRARIES = YES;
				BUNDLE_LOADER = "$(TEST_HOST)";
				CODE_SIGN_STYLE = Automatic;
				CURRENT_PROJECT_VERSION = 1;
				GENERATE_INFOPLIST_FILE = YES;
				IPHONEOS_DEPLOYMENT_TARGET = 15.0;
				LD_RUNPATH_SEARCH_PATHS = (
					"$(inherited)",
					"@executable_path/Frameworks",
					"@loader_path/Frameworks",
				);
				MARKETING_VERSION = 1.0;
				PRODUCT_BUNDLE_IDENTIFIER = com.info.TasarimCalismasiTests;
				PRODUCT_NAME = "$(TARGET_NAME)";
				SWIFT_EMIT_LOC_STRINGS = NO;
				SWIFT_VERSION = 5.0;
				TARGETED_DEVICE_FAMILY = "1,2";
				TEST_HOST = "$(BUILT_PRODUCTS_DIR)/TasarimCalismasi.app/TasarimCalismasi";
			};
			name = Release;
		};
		9B69B9D927C3F1C70011AD14 /* Debug */ = {
			isa = XCBuildConfiguration;
			buildSettings = {
				ALWAYS_EMBED_SWIFT_STANDARD_LIBRARIES = YES;
				CODE_SIGN_STYLE = Automatic;
				CURRENT_PROJECT_VERSION = 1;
				GENERATE_INFOPLIST_FILE = YES;
				LD_RUNPATH_SEARCH_PATHS = (
					"$(inherited)",
					"@executable_path/Frameworks",
					"@loader_path/Frameworks",
				);
				MARKETING_VERSION = 1.0;
				PRODUCT_BUNDLE_IDENTIFIER = com.info.TasarimCalismasiUITests;
				PRODUCT_NAME = "$(TARGET_NAME)";
				SWIFT_EMIT_LOC_STRINGS = NO;
				SWIFT_VERSION = 5.0;
				TARGETED_DEVICE_FAMILY = "1,2";
				TEST_TARGET_NAME = TasarimCalismasi;
			};
			name = Debug;
		};
		9B69B9DA27C3F1C70011AD14 /* Release */ = {
			isa = XCBuildConfiguration;
			buildSettings = {
				ALWAYS_EMBED_SWIFT_STANDARD_LIBRARIES = YES;
				CODE_SIGN_STYLE = Automatic;
				CURRENT_PROJECT_VERSION = 1;
				GENERATE_INFOPLIST_FILE = YES;
				LD_RUNPATH_SEARCH_PATHS = (
					"$(inherited)",
					"@executable_path/Frameworks",
					"@loader_path/Frameworks",
				);
				MARKETING_VERSION = 1.0;
				PRODUCT_BUNDLE_IDENTIFIER = com.info.TasarimCalismasiUITests;
				PRODUCT_NAME = "$(TARGET_NAME)";
				SWIFT_EMIT_LOC_STRINGS = NO;
				SWIFT_VERSION = 5.0;
				TARGETED_DEVICE_FAMILY = "1,2";
				TEST_TARGET_NAME = TasarimCalismasi;
			};
			name = Release;
		};
/* End XCBuildConfiguration section */

/* Begin XCConfigurationList section */
		9B69B9A327C3F1C50011AD14 /* Build configuration list for PBXProject "TasarimCalismasi" */ = {
			isa = XCConfigurationList;
			buildConfigurations = (
				9B69B9D027C3F1C70011AD14 /* Debug */,
				9B69B9D127C3F1C70011AD14 /* Release */,
			);
			defaultConfigurationIsVisible = 0;
			defaultConfigurationName = Release;
		};
		9B69B9D227C3F1C70011AD14 /* Build configuration list for PBXNativeTarget "TasarimCalismasi" */ = {
			isa = XCConfigurationList;
			buildConfigurations = (
				9B69B9D327C3F1C70011AD14 /* Debug */,
				9B69B9D427C3F1C70011AD14 /* Release */,
			);
			defaultConfigurationIsVisible = 0;
			defaultConfigurationName = Release;
		};
		9B69B9D527C3F1C70011AD14 /* Build configuration list for PBXNativeTarget "TasarimCalismasiTests" */ = {
			isa = XCConfigurationList;
			buildConfigurations = (
				9B69B9D627C3F1C70011AD14 /* Debug */,
				9B69B9D727C3F1C70011AD14 /* Release */,
			);
			defaultConfigurationIsVisible = 0;
			defaultConfigurationName = Release;
		};
		9B69B9D827C3F1C70011AD14 /* Build configuration list for PBXNativeTarget "TasarimCalismasiUITests" */ = {
			isa = XCConfigurationList;
			buildConfigurations = (
				9B69B9D927C3F1C70011AD14 /* Debug */,
				9B69B9DA27C3F1C70011AD14 /* Release */,
			);
			defaultConfigurationIsVisible = 0;
			defaultConfigurationName = Release;
		};
/* End XCConfigurationList section */
	};
	rootObject = 9B69B9A027C3F1C50011AD14 /* Project object */;
}
